
Microsoft Visual Studio Solution File, Format Version 12.00
# Visual Studio Version 17
VisualStudioVersion = 17.5.002.0
MinimumVisualStudioVersion = 10.0.40219.1
Project("{9A19103F-16F7-4668-BE54-9A1E7A4F7556}") = "WriteDataMicroservice", "WriteDataService\WriteDataMicroservice.csproj", "{FB0BD30A-1506-4A57-A9A5-963A642DB88F}"
EndProject
Project("{FAE04EC0-301F-11D3-BF4B-00C04F79EFBC}") = "ReadDataMicroservice", "ReadDataService\ReadDataMicroservice.csproj", "{C3BD24B1-0355-44B0-AC67-2BE09E2E3882}"
EndProject
Project("{FAE04EC0-301F-11D3-BF4B-00C04F79EFBC}") = "SharedLibrary", "SharedLibrary\SharedLibrary.csproj", "{7C60467F-8716-41EC-96DD-74274613715D}"
EndProject
Project("{FAE04EC0-301F-11D3-BF4B-00C04F79EFBC}") = "FakeRaspberryPiSensor", "FakeRaspberryPiSensor\FakeRaspberryPiSensor.csproj", "{9A43315A-9096-4A2C-B712-21A20417E117}"
EndProject
Project("{FAE04EC0-301F-11D3-BF4B-00C04F79EFBC}") = "HydroponicsTests", "HydroponicsTests\HydroponicsTests.csproj", "{9587CB97-2D8D-409E-8F73-88AAE3C01634}"
EndProject
Global
	GlobalSection(SolutionConfigurationPlatforms) = preSolution
		Debug|Any CPU = Debug|Any CPU
		Release|Any CPU = Release|Any CPU
	EndGlobalSection
	GlobalSection(ProjectConfigurationPlatforms) = postSolution
		{FB0BD30A-1506-4A57-A9A5-963A642DB88F}.Debug|Any CPU.ActiveCfg = Debug|Any CPU
		{FB0BD30A-1506-4A57-A9A5-963A642DB88F}.Debug|Any CPU.Build.0 = Debug|Any CPU
		{FB0BD30A-1506-4A57-A9A5-963A642DB88F}.Release|Any CPU.ActiveCfg = Release|Any CPU
		{FB0BD30A-1506-4A57-A9A5-963A642DB88F}.Release|Any CPU.Build.0 = Release|Any CPU
		{C3BD24B1-0355-44B0-AC67-2BE09E2E3882}.Debug|Any CPU.ActiveCfg = Debug|Any CPU
		{C3BD24B1-0355-44B0-AC67-2BE09E2E3882}.Debug|Any CPU.Build.0 = Debug|Any CPU
		{C3BD24B1-0355-44B0-AC67-2BE09E2E3882}.Release|Any CPU.ActiveCfg = Release|Any CPU
		{C3BD24B1-0355-44B0-AC67-2BE09E2E3882}.Release|Any CPU.Build.0 = Release|Any CPU
		{7C60467F-8716-41EC-96DD-74274613715D}.Debug|Any CPU.ActiveCfg = Debug|Any CPU
		{7C60467F-8716-41EC-96DD-74274613715D}.Debug|Any CPU.Build.0 = Debug|Any CPU
		{7C60467F-8716-41EC-96DD-74274613715D}.Release|Any CPU.ActiveCfg = Release|Any CPU
		{7C60467F-8716-41EC-96DD-74274613715D}.Release|Any CPU.Build.0 = Release|Any CPU
		{9A43315A-9096-4A2C-B712-21A20417E117}.Debug|Any CPU.ActiveCfg = Debug|Any CPU
		{9A43315A-9096-4A2C-B712-21A20417E117}.Debug|Any CPU.Build.0 = Debug|Any CPU
		{9A43315A-9096-4A2C-B712-21A20417E117}.Release|Any CPU.ActiveCfg = Release|Any CPU
		{9A43315A-9096-4A2C-B712-21A20417E117}.Release|Any CPU.Build.0 = Release|Any CPU
		{9587CB97-2D8D-409E-8F73-88AAE3C01634}.Debug|Any CPU.ActiveCfg = Debug|Any CPU
		{9587CB97-2D8D-409E-8F73-88AAE3C01634}.Debug|Any CPU.Build.0 = Debug|Any CPU
		{9587CB97-2D8D-409E-8F73-88AAE3C01634}.Release|Any CPU.ActiveCfg = Release|Any CPU
		{9587CB97-2D8D-409E-8F73-88AAE3C01634}.Release|Any CPU.Build.0 = Release|Any CPU
	EndGlobalSection
	GlobalSection(SolutionProperties) = preSolution
		HideSolutionNode = FALSE
	EndGlobalSection
	GlobalSection(ExtensibilityGlobals) = postSolution
		SolutionGuid = {790E2F4D-0F61-43FE-ACFD-F241BB15B54E}
	EndGlobalSection
EndGlobal
